// !$*UTF8*$!
{
	archiveVersion = 1;
	classes = {
	};
	objectVersion = 52;
	objects = {

/* Begin PBXBuildFile section */
		94939CC338DA52ADF613A8DA /* Pods_MSS_SDK.framework in Frameworks */ = {isa = PBXBuildFile; fileRef = 3EA8AAF2CBE4D4B189213D18 /* Pods_MSS_SDK.framework */; };
		A8051A00252CD2AD004BE7B9 /* CustomTF.swift in Sources */ = {isa = PBXBuildFile; fileRef = A80519FF252CD2AD004BE7B9 /* CustomTF.swift */; };
		A8051A02252CD2EC004BE7B9 /* SkyFloatingLabelTextField.swift in Sources */ = {isa = PBXBuildFile; fileRef = A8051A01252CD2EC004BE7B9 /* SkyFloatingLabelTextField.swift */; };
		A8051A06252CD69A004BE7B9 /* MobileRechargeVC.swift in Sources */ = {isa = PBXBuildFile; fileRef = A8051A05252CD69A004BE7B9 /* MobileRechargeVC.swift */; };
		A8051A08252CD9C8004BE7B9 /* Constant.swift in Sources */ = {isa = PBXBuildFile; fileRef = A8051A07252CD9C8004BE7B9 /* Constant.swift */; };
		A80EEA79252E4C8900619D1B /* Merchant.swift in Sources */ = {isa = PBXBuildFile; fileRef = A80EEA78252E4C8900619D1B /* Merchant.swift */; };
		A8270BDA25FE1C0E002D5977 /* FlightModel.swift in Sources */ = {isa = PBXBuildFile; fileRef = A8270BD925FE1C0E002D5977 /* FlightModel.swift */; };
		A82788882566322500AA4101 /* BusListVC.swift in Sources */ = {isa = PBXBuildFile; fileRef = A82788872566322500AA4101 /* BusListVC.swift */; };
		A836E41D252AAC3D00223811 /* MSSTest.swift in Sources */ = {isa = PBXBuildFile; fileRef = A836E41C252AAC3D00223811 /* MSSTest.swift */; };
		A841CB65252CE90200DC65FF /* GiftCardCatListVC.swift in Sources */ = {isa = PBXBuildFile; fileRef = A841CB64252CE90200DC65FF /* GiftCardCatListVC.swift */; };
		A841CB67252CE9BE00DC65FF /* GiftCardModel.swift in Sources */ = {isa = PBXBuildFile; fileRef = A841CB66252CE9BE00DC65FF /* GiftCardModel.swift */; };
		A841CB69252CF11D00DC65FF /* ApiHandler.swift in Sources */ = {isa = PBXBuildFile; fileRef = A841CB68252CF11D00DC65FF /* ApiHandler.swift */; };
		A841CB6B252CF19D00DC65FF /* NetworkManager.swift in Sources */ = {isa = PBXBuildFile; fileRef = A841CB6A252CF19D00DC65FF /* NetworkManager.swift */; };
		A841CB6D252CF3E100DC65FF /* Util.swift in Sources */ = {isa = PBXBuildFile; fileRef = A841CB6C252CF3E100DC65FF /* Util.swift */; };
		A841CB70252DE54000DC65FF /* GiftCardListVC.swift in Sources */ = {isa = PBXBuildFile; fileRef = A841CB6F252DE54000DC65FF /* GiftCardListVC.swift */; };
		A841CB72252DEAD800DC65FF /* GiftCardDetailVC.swift in Sources */ = {isa = PBXBuildFile; fileRef = A841CB71252DEAD800DC65FF /* GiftCardDetailVC.swift */; };
		A841CB75252DEC6500DC65FF /* MobilePlanVC.swift in Sources */ = {isa = PBXBuildFile; fileRef = A841CB74252DEC6500DC65FF /* MobilePlanVC.swift */; };
		A841CB78252E254400DC65FF /* SlidingContainerSliderView.swift in Sources */ = {isa = PBXBuildFile; fileRef = A841CB77252E254400DC65FF /* SlidingContainerSliderView.swift */; };
		A841CB7A252E256700DC65FF /* SlidingContainerViewController.swift in Sources */ = {isa = PBXBuildFile; fileRef = A841CB79252E256700DC65FF /* SlidingContainerViewController.swift */; };
		A841CB7C252E280B00DC65FF /* BrowsePlanInnerVC.swift in Sources */ = {isa = PBXBuildFile; fileRef = A841CB7B252E280B00DC65FF /* BrowsePlanInnerVC.swift */; };
		A841CB7E252E283E00DC65FF /* MobileRecharge.swift in Sources */ = {isa = PBXBuildFile; fileRef = A841CB7D252E283E00DC65FF /* MobileRecharge.swift */; };
		A84F781125FB8DC500D7AC7D /* FlightSearchVC.swift in Sources */ = {isa = PBXBuildFile; fileRef = A84F781025FB8DC500D7AC7D /* FlightSearchVC.swift */; };
		A84F781325FB8DFA00D7AC7D /* OnWayListVC.swift in Sources */ = {isa = PBXBuildFile; fileRef = A84F781225FB8DFA00D7AC7D /* OnWayListVC.swift */; };
		A84F781525FB8E0B00D7AC7D /* RoundWayListVC.swift in Sources */ = {isa = PBXBuildFile; fileRef = A84F781425FB8E0B00D7AC7D /* RoundWayListVC.swift */; };
		A84FF6922602425B00999B0F /* FlightDetailVC.swift in Sources */ = {isa = PBXBuildFile; fileRef = A84FF6912602425B00999B0F /* FlightDetailVC.swift */; };
		A8523E8F252CDD56005F1FC3 /* CustomButton.swift in Sources */ = {isa = PBXBuildFile; fileRef = A8523E8E252CDD56005F1FC3 /* CustomButton.swift */; };
		A85AB7ED2538072A00C7EE5D /* WebViewVC.swift in Sources */ = {isa = PBXBuildFile; fileRef = A85AB7EC2538072A00C7EE5D /* WebViewVC.swift */; };
		A85AB7EF2538528A00C7EE5D /* NewsVC.swift in Sources */ = {isa = PBXBuildFile; fileRef = A85AB7EE2538528A00C7EE5D /* NewsVC.swift */; };
		A85AB7F12538534500C7EE5D /* NewsModel.swift in Sources */ = {isa = PBXBuildFile; fileRef = A85AB7F02538534500C7EE5D /* NewsModel.swift */; };
		A85AB7F52538622000C7EE5D /* WebKit.framework in Frameworks */ = {isa = PBXBuildFile; fileRef = A85AB7F42538622000C7EE5D /* WebKit.framework */; };
		A85AB7F82538905000C7EE5D /* DTHVC.swift in Sources */ = {isa = PBXBuildFile; fileRef = A85AB7F72538905000C7EE5D /* DTHVC.swift */; };
		A85AB7FB25396ADC00C7EE5D /* BusSearchVC.swift in Sources */ = {isa = PBXBuildFile; fileRef = A85AB7FA25396ADC00C7EE5D /* BusSearchVC.swift */; };
		A85AB7FD253A1C2F00C7EE5D /* BusModel.swift in Sources */ = {isa = PBXBuildFile; fileRef = A85AB7FC253A1C2F00C7EE5D /* BusModel.swift */; };
		A86B07C12527630F00386A84 /* MSS_SDK.h in Headers */ = {isa = PBXBuildFile; fileRef = A86B07BF2527630F00386A84 /* MSS_SDK.h */; settings = {ATTRIBUTES = (Public, ); }; };
		A8861F432527860F00590D12 /* Assets.xcassets in Resources */ = {isa = PBXBuildFile; fileRef = A8861F422527860F00590D12 /* Assets.xcassets */; };
		A8861F462527863B00590D12 /* DashboardVC.swift in Sources */ = {isa = PBXBuildFile; fileRef = A8861F452527863B00590D12 /* DashboardVC.swift */; platformFilter = ios; };
		A8861F482527865100590D12 /* MSSMain.storyboard in Resources */ = {isa = PBXBuildFile; fileRef = A8861F472527865100590D12 /* MSSMain.storyboard */; };
		A8861F4A2527869400590D12 /* MainFile.swift in Sources */ = {isa = PBXBuildFile; fileRef = A8861F492527869400590D12 /* MainFile.swift */; platformFilter = ios; };
		A8861F4D2527870300590D12 /* Extension.swift in Sources */ = {isa = PBXBuildFile; fileRef = A8861F4C2527870300590D12 /* Extension.swift */; platformFilter = ios; };
		A89D525A253ED71B00441E9A /* GiftTNCVC.swift in Sources */ = {isa = PBXBuildFile; fileRef = A89D5259253ED71B00441E9A /* GiftTNCVC.swift */; };
		A8C8215B252C8A2200B4728A /* HomeMenuModel.swift in Sources */ = {isa = PBXBuildFile; fileRef = A8C8215A252C8A2200B4728A /* HomeMenuModel.swift */; };
		A8C8215E252C8A6500B4728A /* StaticData.swift in Sources */ = {isa = PBXBuildFile; fileRef = A8C8215D252C8A6500B4728A /* StaticData.swift */; };
		A8C82161252C8EBE00B4728A /* CardView.swift in Sources */ = {isa = PBXBuildFile; fileRef = A8C82160252C8EBE00B4728A /* CardView.swift */; };
		A8C82163252C8F0400B4728A /* ColorConverter.swift in Sources */ = {isa = PBXBuildFile; fileRef = A8C82162252C8F0400B4728A /* ColorConverter.swift */; };
		A8C82165252C8F3600B4728A /* ColorCode.swift in Sources */ = {isa = PBXBuildFile; fileRef = A8C82164252C8F3600B4728A /* ColorCode.swift */; };
		A8FF7D3625373157005560CD /* OperatorListVC.swift in Sources */ = {isa = PBXBuildFile; fileRef = A8FF7D3525373157005560CD /* OperatorListVC.swift */; };
/* End PBXBuildFile section */

/* Begin PBXFileReference section */
		3EA8AAF2CBE4D4B189213D18 /* Pods_MSS_SDK.framework */ = {isa = PBXFileReference; explicitFileType = wrapper.framework; includeInIndex = 0; path = Pods_MSS_SDK.framework; sourceTree = BUILT_PRODUCTS_DIR; };
		6FE12C6CF8965B870F596E88 /* Pods-MSS-SDK.release.xcconfig */ = {isa = PBXFileReference; includeInIndex = 1; lastKnownFileType = text.xcconfig; name = "Pods-MSS-SDK.release.xcconfig"; path = "Target Support Files/Pods-MSS-SDK/Pods-MSS-SDK.release.xcconfig"; sourceTree = "<group>"; };
		9A9132747BD065106FD09FA9 /* Pods-MSS-SDK.debug.xcconfig */ = {isa = PBXFileReference; includeInIndex = 1; lastKnownFileType = text.xcconfig; name = "Pods-MSS-SDK.debug.xcconfig"; path = "Target Support Files/Pods-MSS-SDK/Pods-MSS-SDK.debug.xcconfig"; sourceTree = "<group>"; };
		A80519FF252CD2AD004BE7B9 /* CustomTF.swift */ = {isa = PBXFileReference; lastKnownFileType = sourcecode.swift; path = CustomTF.swift; sourceTree = "<group>"; };
		A8051A01252CD2EC004BE7B9 /* SkyFloatingLabelTextField.swift */ = {isa = PBXFileReference; lastKnownFileType = sourcecode.swift; path = SkyFloatingLabelTextField.swift; sourceTree = "<group>"; };
		A8051A05252CD69A004BE7B9 /* MobileRechargeVC.swift */ = {isa = PBXFileReference; lastKnownFileType = sourcecode.swift; path = MobileRechargeVC.swift; sourceTree = "<group>"; };
		A8051A07252CD9C8004BE7B9 /* Constant.swift */ = {isa = PBXFileReference; lastKnownFileType = sourcecode.swift; path = Constant.swift; sourceTree = "<group>"; };
		A80EEA78252E4C8900619D1B /* Merchant.swift */ = {isa = PBXFileReference; lastKnownFileType = sourcecode.swift; path = Merchant.swift; sourceTree = "<group>"; };
		A8270BD925FE1C0E002D5977 /* FlightModel.swift */ = {isa = PBXFileReference; lastKnownFileType = sourcecode.swift; path = FlightModel.swift; sourceTree = "<group>"; };
		A82788872566322500AA4101 /* BusListVC.swift */ = {isa = PBXFileReference; lastKnownFileType = sourcecode.swift; path = BusListVC.swift; sourceTree = "<group>"; };
		A836E404252AAB4700223811 /* Alamofire.framework */ = {isa = PBXFileReference; explicitFileType = wrapper.framework; path = Alamofire.framework; sourceTree = BUILT_PRODUCTS_DIR; };
		A836E405252AAB4700223811 /* IQKeyboardManagerSwift.framework */ = {isa = PBXFileReference; explicitFileType = wrapper.framework; path = IQKeyboardManagerSwift.framework; sourceTree = BUILT_PRODUCTS_DIR; };
		A836E406252AAB4700223811 /* MBProgressHUD.framework */ = {isa = PBXFileReference; explicitFileType = wrapper.framework; path = MBProgressHUD.framework; sourceTree = BUILT_PRODUCTS_DIR; };
		A836E407252AAB4700223811 /* Pods_MSS_SDK.framework */ = {isa = PBXFileReference; explicitFileType = wrapper.framework; path = Pods_MSS_SDK.framework; sourceTree = BUILT_PRODUCTS_DIR; };
		A836E408252AAB4700223811 /* SwiftyJSON.framework */ = {isa = PBXFileReference; explicitFileType = wrapper.framework; path = SwiftyJSON.framework; sourceTree = BUILT_PRODUCTS_DIR; };
		A836E409252AAB4700223811 /* Toast_Swift.framework */ = {isa = PBXFileReference; explicitFileType = wrapper.framework; path = Toast_Swift.framework; sourceTree = BUILT_PRODUCTS_DIR; };
		A836E41A252AAC3D00223811 /* MSSTest.xctest */ = {isa = PBXFileReference; explicitFileType = wrapper.cfbundle; includeInIndex = 0; path = MSSTest.xctest; sourceTree = BUILT_PRODUCTS_DIR; };
		A836E41C252AAC3D00223811 /* MSSTest.swift */ = {isa = PBXFileReference; lastKnownFileType = sourcecode.swift; path = MSSTest.swift; sourceTree = "<group>"; };
		A836E41E252AAC3D00223811 /* Info.plist */ = {isa = PBXFileReference; lastKnownFileType = text.plist.xml; path = Info.plist; sourceTree = "<group>"; };
		A841CB64252CE90200DC65FF /* GiftCardCatListVC.swift */ = {isa = PBXFileReference; lastKnownFileType = sourcecode.swift; path = GiftCardCatListVC.swift; sourceTree = "<group>"; };
		A841CB66252CE9BE00DC65FF /* GiftCardModel.swift */ = {isa = PBXFileReference; lastKnownFileType = sourcecode.swift; path = GiftCardModel.swift; sourceTree = "<group>"; };
		A841CB68252CF11D00DC65FF /* ApiHandler.swift */ = {isa = PBXFileReference; lastKnownFileType = sourcecode.swift; path = ApiHandler.swift; sourceTree = "<group>"; };
		A841CB6A252CF19D00DC65FF /* NetworkManager.swift */ = {isa = PBXFileReference; lastKnownFileType = sourcecode.swift; path = NetworkManager.swift; sourceTree = "<group>"; };
		A841CB6C252CF3E100DC65FF /* Util.swift */ = {isa = PBXFileReference; lastKnownFileType = sourcecode.swift; path = Util.swift; sourceTree = "<group>"; };
		A841CB6F252DE54000DC65FF /* GiftCardListVC.swift */ = {isa = PBXFileReference; lastKnownFileType = sourcecode.swift; path = GiftCardListVC.swift; sourceTree = "<group>"; };
		A841CB71252DEAD800DC65FF /* GiftCardDetailVC.swift */ = {isa = PBXFileReference; lastKnownFileType = sourcecode.swift; path = GiftCardDetailVC.swift; sourceTree = "<group>"; };
		A841CB74252DEC6500DC65FF /* MobilePlanVC.swift */ = {isa = PBXFileReference; lastKnownFileType = sourcecode.swift; path = MobilePlanVC.swift; sourceTree = "<group>"; };
		A841CB77252E254400DC65FF /* SlidingContainerSliderView.swift */ = {isa = PBXFileReference; lastKnownFileType = sourcecode.swift; path = SlidingContainerSliderView.swift; sourceTree = "<group>"; };
		A841CB79252E256700DC65FF /* SlidingContainerViewController.swift */ = {isa = PBXFileReference; lastKnownFileType = sourcecode.swift; path = SlidingContainerViewController.swift; sourceTree = "<group>"; };
		A841CB7B252E280B00DC65FF /* BrowsePlanInnerVC.swift */ = {isa = PBXFileReference; lastKnownFileType = sourcecode.swift; path = BrowsePlanInnerVC.swift; sourceTree = "<group>"; };
		A841CB7D252E283E00DC65FF /* MobileRecharge.swift */ = {isa = PBXFileReference; lastKnownFileType = sourcecode.swift; path = MobileRecharge.swift; sourceTree = "<group>"; };
		A84F781025FB8DC500D7AC7D /* FlightSearchVC.swift */ = {isa = PBXFileReference; lastKnownFileType = sourcecode.swift; path = FlightSearchVC.swift; sourceTree = "<group>"; };
		A84F781225FB8DFA00D7AC7D /* OnWayListVC.swift */ = {isa = PBXFileReference; lastKnownFileType = sourcecode.swift; path = OnWayListVC.swift; sourceTree = "<group>"; };
		A84F781425FB8E0B00D7AC7D /* RoundWayListVC.swift */ = {isa = PBXFileReference; lastKnownFileType = sourcecode.swift; path = RoundWayListVC.swift; sourceTree = "<group>"; };
		A84FF6912602425B00999B0F /* FlightDetailVC.swift */ = {isa = PBXFileReference; lastKnownFileType = sourcecode.swift; path = FlightDetailVC.swift; sourceTree = "<group>"; };
		A8523E8E252CDD56005F1FC3 /* CustomButton.swift */ = {isa = PBXFileReference; lastKnownFileType = sourcecode.swift; path = CustomButton.swift; sourceTree = "<group>"; };
		A85AB7EC2538072A00C7EE5D /* WebViewVC.swift */ = {isa = PBXFileReference; lastKnownFileType = sourcecode.swift; path = WebViewVC.swift; sourceTree = "<group>"; };
		A85AB7EE2538528A00C7EE5D /* NewsVC.swift */ = {isa = PBXFileReference; lastKnownFileType = sourcecode.swift; path = NewsVC.swift; sourceTree = "<group>"; };
		A85AB7F02538534500C7EE5D /* NewsModel.swift */ = {isa = PBXFileReference; lastKnownFileType = sourcecode.swift; path = NewsModel.swift; sourceTree = "<group>"; };
		A85AB7F42538622000C7EE5D /* WebKit.framework */ = {isa = PBXFileReference; lastKnownFileType = wrapper.framework; name = WebKit.framework; path = System/Library/Frameworks/WebKit.framework; sourceTree = SDKROOT; };
		A85AB7F72538905000C7EE5D /* DTHVC.swift */ = {isa = PBXFileReference; lastKnownFileType = sourcecode.swift; path = DTHVC.swift; sourceTree = "<group>"; };
		A85AB7FA25396ADC00C7EE5D /* BusSearchVC.swift */ = {isa = PBXFileReference; lastKnownFileType = sourcecode.swift; path = BusSearchVC.swift; sourceTree = "<group>"; };
		A85AB7FC253A1C2F00C7EE5D /* BusModel.swift */ = {isa = PBXFileReference; lastKnownFileType = sourcecode.swift; path = BusModel.swift; sourceTree = "<group>"; };
		A86B07BC2527630F00386A84 /* MSS_SDK.framework */ = {isa = PBXFileReference; explicitFileType = wrapper.framework; includeInIndex = 0; path = MSS_SDK.framework; sourceTree = BUILT_PRODUCTS_DIR; };
		A86B07BF2527630F00386A84 /* MSS_SDK.h */ = {isa = PBXFileReference; lastKnownFileType = sourcecode.c.h; path = MSS_SDK.h; sourceTree = "<group>"; };
		A86B07C02527630F00386A84 /* MssInfo.plist */ = {isa = PBXFileReference; lastKnownFileType = text.plist.xml; path = MssInfo.plist; sourceTree = "<group>"; };
		A8861F422527860F00590D12 /* Assets.xcassets */ = {isa = PBXFileReference; lastKnownFileType = folder.assetcatalog; path = Assets.xcassets; sourceTree = "<group>"; };
		A8861F452527863B00590D12 /* DashboardVC.swift */ = {isa = PBXFileReference; lastKnownFileType = sourcecode.swift; path = DashboardVC.swift; sourceTree = "<group>"; };
		A8861F472527865100590D12 /* MSSMain.storyboard */ = {isa = PBXFileReference; lastKnownFileType = file.storyboard; path = MSSMain.storyboard; sourceTree = "<group>"; };
		A8861F492527869400590D12 /* MainFile.swift */ = {isa = PBXFileReference; lastKnownFileType = sourcecode.swift; path = MainFile.swift; sourceTree = "<group>"; };
		A8861F4C2527870300590D12 /* Extension.swift */ = {isa = PBXFileReference; lastKnownFileType = sourcecode.swift; path = Extension.swift; sourceTree = "<group>"; };
		A89D5259253ED71B00441E9A /* GiftTNCVC.swift */ = {isa = PBXFileReference; lastKnownFileType = sourcecode.swift; path = GiftTNCVC.swift; sourceTree = "<group>"; };
		A8C8215A252C8A2200B4728A /* HomeMenuModel.swift */ = {isa = PBXFileReference; lastKnownFileType = sourcecode.swift; path = HomeMenuModel.swift; sourceTree = "<group>"; };
		A8C8215D252C8A6500B4728A /* StaticData.swift */ = {isa = PBXFileReference; lastKnownFileType = sourcecode.swift; path = StaticData.swift; sourceTree = "<group>"; };
		A8C82160252C8EBE00B4728A /* CardView.swift */ = {isa = PBXFileReference; lastKnownFileType = sourcecode.swift; path = CardView.swift; sourceTree = "<group>"; };
		A8C82162252C8F0400B4728A /* ColorConverter.swift */ = {isa = PBXFileReference; lastKnownFileType = sourcecode.swift; path = ColorConverter.swift; sourceTree = "<group>"; };
		A8C82164252C8F3600B4728A /* ColorCode.swift */ = {isa = PBXFileReference; lastKnownFileType = sourcecode.swift; path = ColorCode.swift; sourceTree = "<group>"; };
		A8FF7D3525373157005560CD /* OperatorListVC.swift */ = {isa = PBXFileReference; lastKnownFileType = sourcecode.swift; path = OperatorListVC.swift; sourceTree = "<group>"; };
/* End PBXFileReference section */

/* Begin PBXFrameworksBuildPhase section */
		A836E417252AAC3D00223811 /* Frameworks */ = {
			isa = PBXFrameworksBuildPhase;
			buildActionMask = 2147483647;
			files = (
			);
			runOnlyForDeploymentPostprocessing = 0;
		};
		A86B07B92527630F00386A84 /* Frameworks */ = {
			isa = PBXFrameworksBuildPhase;
			buildActionMask = 2147483647;
			files = (
				A85AB7F52538622000C7EE5D /* WebKit.framework in Frameworks */,
				94939CC338DA52ADF613A8DA /* Pods_MSS_SDK.framework in Frameworks */,
			);
			runOnlyForDeploymentPostprocessing = 0;
		};
/* End PBXFrameworksBuildPhase section */

/* Begin PBXGroup section */
		8D240C1DB6E28B79FF16F78A /* Frameworks */ = {
			isa = PBXGroup;
			children = (
				A85AB7F42538622000C7EE5D /* WebKit.framework */,
				A836E404252AAB4700223811 /* Alamofire.framework */,
				A836E405252AAB4700223811 /* IQKeyboardManagerSwift.framework */,
				A836E406252AAB4700223811 /* MBProgressHUD.framework */,
				A836E407252AAB4700223811 /* Pods_MSS_SDK.framework */,
				A836E408252AAB4700223811 /* SwiftyJSON.framework */,
				A836E409252AAB4700223811 /* Toast_Swift.framework */,
				3EA8AAF2CBE4D4B189213D18 /* Pods_MSS_SDK.framework */,
			);
			name = Frameworks;
			sourceTree = "<group>";
		};
		A2694671FCCE7D5861CFADD7 /* Pods */ = {
			isa = PBXGroup;
			children = (
				9A9132747BD065106FD09FA9 /* Pods-MSS-SDK.debug.xcconfig */,
				6FE12C6CF8965B870F596E88 /* Pods-MSS-SDK.release.xcconfig */,
			);
			path = Pods;
			sourceTree = "<group>";
		};
		A81EE4782527AD8C008E79C9 /* Resources */ = {
			isa = PBXGroup;
			children = (
				A86B07C02527630F00386A84 /* MssInfo.plist */,
				A8861F472527865100590D12 /* MSSMain.storyboard */,
				A8861F422527860F00590D12 /* Assets.xcassets */,
			);
			path = Resources;
			sourceTree = "<group>";
		};
		A82788862566321100AA4101 /* Bus */ = {
			isa = PBXGroup;
			children = (
				A85AB7FA25396ADC00C7EE5D /* BusSearchVC.swift */,
				A82788872566322500AA4101 /* BusListVC.swift */,
			);
			path = Bus;
			sourceTree = "<group>";
		};
		A836E41B252AAC3D00223811 /* MSSTest */ = {
			isa = PBXGroup;
			children = (
				A836E41C252AAC3D00223811 /* MSSTest.swift */,
				A836E41E252AAC3D00223811 /* Info.plist */,
			);
			path = MSSTest;
			sourceTree = "<group>";
		};
		A83B61A725F8C468007D1C47 /* Flight */ = {
			isa = PBXGroup;
			children = (
				A84F781025FB8DC500D7AC7D /* FlightSearchVC.swift */,
				A84F781225FB8DFA00D7AC7D /* OnWayListVC.swift */,
				A84F781425FB8E0B00D7AC7D /* RoundWayListVC.swift */,
				A84FF6912602425B00999B0F /* FlightDetailVC.swift */,
			);
			path = Flight;
			sourceTree = "<group>";
		};
		A841CB6E252DE52700DC65FF /* GiftCards */ = {
			isa = PBXGroup;
			children = (
				A841CB64252CE90200DC65FF /* GiftCardCatListVC.swift */,
				A841CB6F252DE54000DC65FF /* GiftCardListVC.swift */,
				A841CB71252DEAD800DC65FF /* GiftCardDetailVC.swift */,
				A89D5259253ED71B00441E9A /* GiftTNCVC.swift */,
			);
			path = GiftCards;
			sourceTree = "<group>";
		};
		A841CB73252DEC4C00DC65FF /* MobileRecharge */ = {
			isa = PBXGroup;
			children = (
				A8051A05252CD69A004BE7B9 /* MobileRechargeVC.swift */,
				A841CB74252DEC6500DC65FF /* MobilePlanVC.swift */,
				A841CB7B252E280B00DC65FF /* BrowsePlanInnerVC.swift */,
				A8FF7D3525373157005560CD /* OperatorListVC.swift */,
			);
			path = MobileRecharge;
			sourceTree = "<group>";
		};
		A841CB76252E252700DC65FF /* SlidingTabs */ = {
			isa = PBXGroup;
			children = (
				A841CB77252E254400DC65FF /* SlidingContainerSliderView.swift */,
				A841CB79252E256700DC65FF /* SlidingContainerViewController.swift */,
			);
			path = SlidingTabs;
			sourceTree = "<group>";
		};
		A85AB7F925396AC400C7EE5D /* Travel */ = {
			isa = PBXGroup;
			children = (
				A83B61A725F8C468007D1C47 /* Flight */,
				A82788862566321100AA4101 /* Bus */,
			);
			path = Travel;
			sourceTree = "<group>";
		};
		A86B07B22527630F00386A84 = {
			isa = PBXGroup;
			children = (
				A86B07BE2527630F00386A84 /* MSS-SDK */,
				A836E41B252AAC3D00223811 /* MSSTest */,
				A86B07BD2527630F00386A84 /* Products */,
				A2694671FCCE7D5861CFADD7 /* Pods */,
				8D240C1DB6E28B79FF16F78A /* Frameworks */,
			);
			sourceTree = "<group>";
		};
		A86B07BD2527630F00386A84 /* Products */ = {
			isa = PBXGroup;
			children = (
				A86B07BC2527630F00386A84 /* MSS_SDK.framework */,
				A836E41A252AAC3D00223811 /* MSSTest.xctest */,
			);
			name = Products;
			sourceTree = "<group>";
		};
		A86B07BE2527630F00386A84 /* MSS-SDK */ = {
			isa = PBXGroup;
			children = (
				A81EE4782527AD8C008E79C9 /* Resources */,
				A8861F7F2527A31E00590D12 /* Classes */,
				A86B07BF2527630F00386A84 /* MSS_SDK.h */,
			);
			path = "MSS-SDK";
			sourceTree = "<group>";
		};
		A8861F442527862600590D12 /* ViewController */ = {
			isa = PBXGroup;
			children = (
				A85AB7F925396AC400C7EE5D /* Travel */,
				A841CB73252DEC4C00DC65FF /* MobileRecharge */,
				A841CB6E252DE52700DC65FF /* GiftCards */,
				A8861F452527863B00590D12 /* DashboardVC.swift */,
				A85AB7EC2538072A00C7EE5D /* WebViewVC.swift */,
				A85AB7EE2538528A00C7EE5D /* NewsVC.swift */,
				A85AB7F72538905000C7EE5D /* DTHVC.swift */,
			);
			path = ViewController;
			sourceTree = "<group>";
		};
		A8861F4B252786F400590D12 /* Util */ = {
			isa = PBXGroup;
			children = (
				A8861F4C2527870300590D12 /* Extension.swift */,
				A8C82162252C8F0400B4728A /* ColorConverter.swift */,
				A841CB68252CF11D00DC65FF /* ApiHandler.swift */,
				A841CB6A252CF19D00DC65FF /* NetworkManager.swift */,
				A841CB6C252CF3E100DC65FF /* Util.swift */,
			);
			path = Util;
			sourceTree = "<group>";
		};
		A8861F7F2527A31E00590D12 /* Classes */ = {
			isa = PBXGroup;
			children = (
				A8C8215F252C8EAF00B4728A /* Custom */,
				A8C8215C252C8A5500B4728A /* Metadata */,
				A8C82159252C89E300B4728A /* Model */,
				A8861F492527869400590D12 /* MainFile.swift */,
				A8861F4B252786F400590D12 /* Util */,
				A8861F442527862600590D12 /* ViewController */,
			);
			path = Classes;
			sourceTree = "<group>";
		};
		A8C82159252C89E300B4728A /* Model */ = {
			isa = PBXGroup;
			children = (
				A8C8215A252C8A2200B4728A /* HomeMenuModel.swift */,
				A841CB66252CE9BE00DC65FF /* GiftCardModel.swift */,
				A841CB7D252E283E00DC65FF /* MobileRecharge.swift */,
				A80EEA78252E4C8900619D1B /* Merchant.swift */,
				A85AB7F02538534500C7EE5D /* NewsModel.swift */,
				A85AB7FC253A1C2F00C7EE5D /* BusModel.swift */,
				A8270BD925FE1C0E002D5977 /* FlightModel.swift */,
			);
			path = Model;
			sourceTree = "<group>";
		};
		A8C8215C252C8A5500B4728A /* Metadata */ = {
			isa = PBXGroup;
			children = (
				A8C8215D252C8A6500B4728A /* StaticData.swift */,
				A8C82164252C8F3600B4728A /* ColorCode.swift */,
				A8051A07252CD9C8004BE7B9 /* Constant.swift */,
			);
			path = Metadata;
			sourceTree = "<group>";
		};
		A8C8215F252C8EAF00B4728A /* Custom */ = {
			isa = PBXGroup;
			children = (
				A841CB76252E252700DC65FF /* SlidingTabs */,
				A8C82160252C8EBE00B4728A /* CardView.swift */,
				A80519FF252CD2AD004BE7B9 /* CustomTF.swift */,
				A8051A01252CD2EC004BE7B9 /* SkyFloatingLabelTextField.swift */,
				A8523E8E252CDD56005F1FC3 /* CustomButton.swift */,
			);
			path = Custom;
			sourceTree = "<group>";
		};
/* End PBXGroup section */

/* Begin PBXHeadersBuildPhase section */
		A86B07B72527630F00386A84 /* Headers */ = {
			isa = PBXHeadersBuildPhase;
			buildActionMask = 2147483647;
			files = (
				A86B07C12527630F00386A84 /* MSS_SDK.h in Headers */,
			);
			runOnlyForDeploymentPostprocessing = 0;
		};
/* End PBXHeadersBuildPhase section */

/* Begin PBXNativeTarget section */
		A836E419252AAC3D00223811 /* MSSTest */ = {
			isa = PBXNativeTarget;
			buildConfigurationList = A836E41F252AAC3D00223811 /* Build configuration list for PBXNativeTarget "MSSTest" */;
			buildPhases = (
				A836E416252AAC3D00223811 /* Sources */,
				A836E417252AAC3D00223811 /* Frameworks */,
				A836E418252AAC3D00223811 /* Resources */,
			);
			buildRules = (
			);
			dependencies = (
			);
			name = MSSTest;
			productName = MSSTest;
			productReference = A836E41A252AAC3D00223811 /* MSSTest.xctest */;
			productType = "com.apple.product-type.bundle.ui-testing";
		};
		A86B07BB2527630F00386A84 /* MSS-SDK */ = {
			isa = PBXNativeTarget;
			buildConfigurationList = A86B07C42527630F00386A84 /* Build configuration list for PBXNativeTarget "MSS-SDK" */;
			buildPhases = (
				B57B19A2B63F3E663E5F2993 /* [CP] Check Pods Manifest.lock */,
				A86B07B72527630F00386A84 /* Headers */,
				A86B07B82527630F00386A84 /* Sources */,
				A86B07B92527630F00386A84 /* Frameworks */,
				A86B07BA2527630F00386A84 /* Resources */,
			);
			buildRules = (
			);
			dependencies = (
			);
			name = "MSS-SDK";
			productName = "MSS-SDK";
			productReference = A86B07BC2527630F00386A84 /* MSS_SDK.framework */;
			productType = "com.apple.product-type.framework";
		};
/* End PBXNativeTarget section */

/* Begin PBXProject section */
		A86B07B32527630F00386A84 /* Project object */ = {
			isa = PBXProject;
			attributes = {
				LastSwiftUpdateCheck = 1140;
				LastUpgradeCheck = 1140;
				ORGANIZATIONNAME = "Kashif Imam";
				TargetAttributes = {
					A836E419252AAC3D00223811 = {
						CreatedOnToolsVersion = 11.4.1;
					};
					A86B07BB2527630F00386A84 = {
						CreatedOnToolsVersion = 11.4.1;
						LastSwiftMigration = 1140;
					};
				};
			};
			buildConfigurationList = A86B07B62527630F00386A84 /* Build configuration list for PBXProject "MSS-SDK" */;
			compatibilityVersion = "Xcode 9.3";
			developmentRegion = en;
			hasScannedForEncodings = 0;
			knownRegions = (
				en,
				Base,
			);
			mainGroup = A86B07B22527630F00386A84;
			productRefGroup = A86B07BD2527630F00386A84 /* Products */;
			projectDirPath = "";
			projectRoot = "";
			targets = (
				A86B07BB2527630F00386A84 /* MSS-SDK */,
				A836E419252AAC3D00223811 /* MSSTest */,
			);
		};
/* End PBXProject section */

/* Begin PBXResourcesBuildPhase section */
		A836E418252AAC3D00223811 /* Resources */ = {
			isa = PBXResourcesBuildPhase;
			buildActionMask = 2147483647;
			files = (
			);
			runOnlyForDeploymentPostprocessing = 0;
		};
		A86B07BA2527630F00386A84 /* Resources */ = {
			isa = PBXResourcesBuildPhase;
			buildActionMask = 2147483647;
			files = (
				A8861F432527860F00590D12 /* Assets.xcassets in Resources */,
				A8861F482527865100590D12 /* MSSMain.storyboard in Resources */,
			);
			runOnlyForDeploymentPostprocessing = 0;
		};
/* End PBXResourcesBuildPhase section */

/* Begin PBXShellScriptBuildPhase section */
		B57B19A2B63F3E663E5F2993 /* [CP] Check Pods Manifest.lock */ = {
			isa = PBXShellScriptBuildPhase;
			buildActionMask = 2147483647;
			files = (
			);
			inputFileListPaths = (
			);
			inputPaths = (
				"${PODS_PODFILE_DIR_PATH}/Podfile.lock",
				"${PODS_ROOT}/Manifest.lock",
			);
			name = "[CP] Check Pods Manifest.lock";
			outputFileListPaths = (
			);
			outputPaths = (
				"$(DERIVED_FILE_DIR)/Pods-MSS-SDK-checkManifestLockResult.txt",
			);
			runOnlyForDeploymentPostprocessing = 0;
			shellPath = /bin/sh;
			shellScript = "diff \"${PODS_PODFILE_DIR_PATH}/Podfile.lock\" \"${PODS_ROOT}/Manifest.lock\" > /dev/null\nif [ $? != 0 ] ; then\n    # print error to STDERR\n    echo \"error: The sandbox is not in sync with the Podfile.lock. Run 'pod install' or update your CocoaPods installation.\" >&2\n    exit 1\nfi\n# This output is used by Xcode 'outputs' to avoid re-running this script phase.\necho \"SUCCESS\" > \"${SCRIPT_OUTPUT_FILE_0}\"\n";
			showEnvVarsInLog = 0;
		};
/* End PBXShellScriptBuildPhase section */

/* Begin PBXSourcesBuildPhase section */
		A836E416252AAC3D00223811 /* Sources */ = {
			isa = PBXSourcesBuildPhase;
			buildActionMask = 2147483647;
			files = (
				A836E41D252AAC3D00223811 /* MSSTest.swift in Sources */,
			);
			runOnlyForDeploymentPostprocessing = 0;
		};
		A86B07B82527630F00386A84 /* Sources */ = {
			isa = PBXSourcesBuildPhase;
			buildActionMask = 2147483647;
			files = (
				A8523E8F252CDD56005F1FC3 /* CustomButton.swift in Sources */,
				A84F781525FB8E0B00D7AC7D /* RoundWayListVC.swift in Sources */,
				A841CB6D252CF3E100DC65FF /* Util.swift in Sources */,
				A841CB78252E254400DC65FF /* SlidingContainerSliderView.swift in Sources */,
				A85AB7FD253A1C2F00C7EE5D /* BusModel.swift in Sources */,
				A8C8215E252C8A6500B4728A /* StaticData.swift in Sources */,
				A841CB70252DE54000DC65FF /* GiftCardListVC.swift in Sources */,
				A85AB7FB25396ADC00C7EE5D /* BusSearchVC.swift in Sources */,
				A8861F4D2527870300590D12 /* Extension.swift in Sources */,
				A85AB7F82538905000C7EE5D /* DTHVC.swift in Sources */,
				A841CB69252CF11D00DC65FF /* ApiHandler.swift in Sources */,
				A8C8215B252C8A2200B4728A /* HomeMenuModel.swift in Sources */,
				A8270BDA25FE1C0E002D5977 /* FlightModel.swift in Sources */,
				A8C82163252C8F0400B4728A /* ColorConverter.swift in Sources */,
				A84F781325FB8DFA00D7AC7D /* OnWayListVC.swift in Sources */,
				A84F781125FB8DC500D7AC7D /* FlightSearchVC.swift in Sources */,
				A80EEA79252E4C8900619D1B /* Merchant.swift in Sources */,
				A841CB7E252E283E00DC65FF /* MobileRecharge.swift in Sources */,
				A8051A02252CD2EC004BE7B9 /* SkyFloatingLabelTextField.swift in Sources */,
				A841CB72252DEAD800DC65FF /* GiftCardDetailVC.swift in Sources */,
				A841CB65252CE90200DC65FF /* GiftCardCatListVC.swift in Sources */,
				A8C82165252C8F3600B4728A /* ColorCode.swift in Sources */,
				A89D525A253ED71B00441E9A /* GiftTNCVC.swift in Sources */,
				A8861F4A2527869400590D12 /* MainFile.swift in Sources */,
				A841CB75252DEC6500DC65FF /* MobilePlanVC.swift in Sources */,
				A841CB6B252CF19D00DC65FF /* NetworkManager.swift in Sources */,
				A841CB67252CE9BE00DC65FF /* GiftCardModel.swift in Sources */,
				A82788882566322500AA4101 /* BusListVC.swift in Sources */,
				A8C82161252C8EBE00B4728A /* CardView.swift in Sources */,
				A8861F462527863B00590D12 /* DashboardVC.swift in Sources */,
				A8FF7D3625373157005560CD /* OperatorListVC.swift in Sources */,
				A85AB7EF2538528A00C7EE5D /* NewsVC.swift in Sources */,
				A8051A06252CD69A004BE7B9 /* MobileRechargeVC.swift in Sources */,
				A84FF6922602425B00999B0F /* FlightDetailVC.swift in Sources */,
				A85AB7F12538534500C7EE5D /* NewsModel.swift in Sources */,
				A841CB7C252E280B00DC65FF /* BrowsePlanInnerVC.swift in Sources */,
				A85AB7ED2538072A00C7EE5D /* WebViewVC.swift in Sources */,
				A8051A00252CD2AD004BE7B9 /* CustomTF.swift in Sources */,
				A8051A08252CD9C8004BE7B9 /* Constant.swift in Sources */,
				A841CB7A252E256700DC65FF /* SlidingContainerViewController.swift in Sources */,
			);
			runOnlyForDeploymentPostprocessing = 0;
		};
/* End PBXSourcesBuildPhase section */

/* Begin XCBuildConfiguration section */
		A836E420252AAC3D00223811 /* Debug */ = {
			isa = XCBuildConfiguration;
			buildSettings = {
				CODE_SIGN_STYLE = Automatic;
				DEVELOPMENT_TEAM = 6S8SPZCFXF;
				INFOPLIST_FILE = MSSTest/Info.plist;
				LD_RUNPATH_SEARCH_PATHS = (
					"$(inherited)",
					"@executable_path/Frameworks",
					"@loader_path/Frameworks",
				);
				PRODUCT_BUNDLE_IDENTIFIER = com.msewa.sdk.MSSTest;
				PRODUCT_NAME = "$(TARGET_NAME)";
				PROVISIONING_PROFILE = "";
				SWIFT_VERSION = 5.0;
				TARGETED_DEVICE_FAMILY = "1,2";
			};
			name = Debug;
		};
		A836E421252AAC3D00223811 /* Release */ = {
			isa = XCBuildConfiguration;
			buildSettings = {
				CODE_SIGN_STYLE = Automatic;
				DEVELOPMENT_TEAM = 6S8SPZCFXF;
				INFOPLIST_FILE = MSSTest/Info.plist;
				LD_RUNPATH_SEARCH_PATHS = (
					"$(inherited)",
					"@executable_path/Frameworks",
					"@loader_path/Frameworks",
				);
				PRODUCT_BUNDLE_IDENTIFIER = com.msewa.sdk.MSSTest;
				PRODUCT_NAME = "$(TARGET_NAME)";
				PROVISIONING_PROFILE = "";
				SWIFT_VERSION = 5.0;
				TARGETED_DEVICE_FAMILY = "1,2";
			};
			name = Release;
		};
		A86B07C22527630F00386A84 /* Debug */ = {
			isa = XCBuildConfiguration;
			buildSettings = {
				ALWAYS_SEARCH_USER_PATHS = NO;
				CLANG_ANALYZER_NONNULL = YES;
				CLANG_ANALYZER_NUMBER_OBJECT_CONVERSION = YES_AGGRESSIVE;
				CLANG_CXX_LANGUAGE_STANDARD = "gnu++14";
				CLANG_CXX_LIBRARY = "libc++";
				CLANG_ENABLE_MODULES = YES;
				CLANG_ENABLE_OBJC_ARC = YES;
				CLANG_ENABLE_OBJC_WEAK = YES;
				CLANG_WARN_BLOCK_CAPTURE_AUTORELEASING = YES;
				CLANG_WARN_BOOL_CONVERSION = YES;
				CLANG_WARN_COMMA = YES;
				CLANG_WARN_CONSTANT_CONVERSION = YES;
				CLANG_WARN_DEPRECATED_OBJC_IMPLEMENTATIONS = YES;
				CLANG_WARN_DIRECT_OBJC_ISA_USAGE = YES_ERROR;
				CLANG_WARN_DOCUMENTATION_COMMENTS = YES;
				CLANG_WARN_EMPTY_BODY = YES;
				CLANG_WARN_ENUM_CONVERSION = YES;
				CLANG_WARN_INFINITE_RECURSION = YES;
				CLANG_WARN_INT_CONVERSION = YES;
				CLANG_WARN_NON_LITERAL_NULL_CONVERSION = YES;
				CLANG_WARN_OBJC_IMPLICIT_RETAIN_SELF = YES;
				CLANG_WARN_OBJC_LITERAL_CONVERSION = YES;
				CLANG_WARN_OBJC_ROOT_CLASS = YES_ERROR;
				CLANG_WARN_RANGE_LOOP_ANALYSIS = YES;
				CLANG_WARN_STRICT_PROTOTYPES = YES;
				CLANG_WARN_SUSPICIOUS_MOVE = YES;
				CLANG_WARN_UNGUARDED_AVAILABILITY = YES_AGGRESSIVE;
				CLANG_WARN_UNREACHABLE_CODE = YES;
				CLANG_WARN__DUPLICATE_METHOD_MATCH = YES;
				COPY_PHASE_STRIP = NO;
				CURRENT_PROJECT_VERSION = 1;
				DEBUG_INFORMATION_FORMAT = dwarf;
				ENABLE_STRICT_OBJC_MSGSEND = YES;
				ENABLE_TESTABILITY = YES;
				GCC_C_LANGUAGE_STANDARD = gnu11;
				GCC_DYNAMIC_NO_PIC = NO;
				GCC_NO_COMMON_BLOCKS = YES;
				GCC_OPTIMIZATION_LEVEL = 0;
				GCC_PREPROCESSOR_DEFINITIONS = (
					"DEBUG=1",
					"$(inherited)",
				);
				GCC_WARN_64_TO_32_BIT_CONVERSION = YES;
				GCC_WARN_ABOUT_RETURN_TYPE = YES_ERROR;
				GCC_WARN_UNDECLARED_SELECTOR = YES;
				GCC_WARN_UNINITIALIZED_AUTOS = YES_AGGRESSIVE;
				GCC_WARN_UNUSED_FUNCTION = YES;
				GCC_WARN_UNUSED_VARIABLE = YES;
				IPHONEOS_DEPLOYMENT_TARGET = 11.0;
				MTL_ENABLE_DEBUG_INFO = INCLUDE_SOURCE;
				MTL_FAST_MATH = YES;
				ONLY_ACTIVE_ARCH = YES;
				SDKROOT = iphoneos;
				SWIFT_ACTIVE_COMPILATION_CONDITIONS = DEBUG;
				SWIFT_OPTIMIZATION_LEVEL = "-Onone";
				SWIFT_VERSION = 4.2;
				VERSIONING_SYSTEM = "apple-generic";
				VERSION_INFO_PREFIX = "";
			};
			name = Debug;
		};
		A86B07C32527630F00386A84 /* Release */ = {
			isa = XCBuildConfiguration;
			buildSettings = {
				ALWAYS_SEARCH_USER_PATHS = NO;
				CLANG_ANALYZER_NONNULL = YES;
				CLANG_ANALYZER_NUMBER_OBJECT_CONVERSION = YES_AGGRESSIVE;
				CLANG_CXX_LANGUAGE_STANDARD = "gnu++14";
				CLANG_CXX_LIBRARY = "libc++";
				CLANG_ENABLE_MODULES = YES;
				CLANG_ENABLE_OBJC_ARC = YES;
				CLANG_ENABLE_OBJC_WEAK = YES;
				CLANG_WARN_BLOCK_CAPTURE_AUTORELEASING = YES;
				CLANG_WARN_BOOL_CONVERSION = YES;
				CLANG_WARN_COMMA = YES;
				CLANG_WARN_CONSTANT_CONVERSION = YES;
				CLANG_WARN_DEPRECATED_OBJC_IMPLEMENTATIONS = YES;
				CLANG_WARN_DIRECT_OBJC_ISA_USAGE = YES_ERROR;
				CLANG_WARN_DOCUMENTATION_COMMENTS = YES;
				CLANG_WARN_EMPTY_BODY = YES;
				CLANG_WARN_ENUM_CONVERSION = YES;
				CLANG_WARN_INFINITE_RECURSION = YES;
				CLANG_WARN_INT_CONVERSION = YES;
				CLANG_WARN_NON_LITERAL_NULL_CONVERSION = YES;
				CLANG_WARN_OBJC_IMPLICIT_RETAIN_SELF = YES;
				CLANG_WARN_OBJC_LITERAL_CONVERSION = YES;
				CLANG_WARN_OBJC_ROOT_CLASS = YES_ERROR;
				CLANG_WARN_RANGE_LOOP_ANALYSIS = YES;
				CLANG_WARN_STRICT_PROTOTYPES = YES;
				CLANG_WARN_SUSPICIOUS_MOVE = YES;
				CLANG_WARN_UNGUARDED_AVAILABILITY = YES_AGGRESSIVE;
				CLANG_WARN_UNREACHABLE_CODE = YES;
				CLANG_WARN__DUPLICATE_METHOD_MATCH = YES;
				COPY_PHASE_STRIP = NO;
				CURRENT_PROJECT_VERSION = 1;
				DEBUG_INFORMATION_FORMAT = "dwarf-with-dsym";
				ENABLE_NS_ASSERTIONS = NO;
				ENABLE_STRICT_OBJC_MSGSEND = YES;
				GCC_C_LANGUAGE_STANDARD = gnu11;
				GCC_NO_COMMON_BLOCKS = YES;
				GCC_WARN_64_TO_32_BIT_CONVERSION = YES;
				GCC_WARN_ABOUT_RETURN_TYPE = YES_ERROR;
				GCC_WARN_UNDECLARED_SELECTOR = YES;
				GCC_WARN_UNINITIALIZED_AUTOS = YES_AGGRESSIVE;
				GCC_WARN_UNUSED_FUNCTION = YES;
				GCC_WARN_UNUSED_VARIABLE = YES;
				IPHONEOS_DEPLOYMENT_TARGET = 11.0;
				MTL_ENABLE_DEBUG_INFO = NO;
				MTL_FAST_MATH = YES;
				SDKROOT = iphoneos;
				SWIFT_COMPILATION_MODE = wholemodule;
				SWIFT_OPTIMIZATION_LEVEL = "-O";
				SWIFT_VERSION = 4.2;
				VALIDATE_PRODUCT = YES;
				VERSIONING_SYSTEM = "apple-generic";
				VERSION_INFO_PREFIX = "";
			};
			name = Release;
		};
		A86B07C52527630F00386A84 /* Debug */ = {
			isa = XCBuildConfiguration;
			baseConfigurationReference = 9A9132747BD065106FD09FA9 /* Pods-MSS-SDK.debug.xcconfig */;
			buildSettings = {
				CLANG_ENABLE_MODULES = YES;
				CODE_SIGN_STYLE = Automatic;
				DEFINES_MODULE = YES;
				DEVELOPMENT_TEAM = 6S8SPZCFXF;
				DYLIB_COMPATIBILITY_VERSION = 1;
				DYLIB_CURRENT_VERSION = 1;
				DYLIB_INSTALL_NAME_BASE = "@rpath";
				INFOPLIST_FILE = "MSS-SDK/Resources/MssInfo.plist";
				INSTALL_PATH = "$(LOCAL_LIBRARY_DIR)/Frameworks";
				LD_RUNPATH_SEARCH_PATHS = (
					"$(inherited)",
					"@executable_path/Frameworks",
					"@loader_path/Frameworks",
				);
				PRODUCT_BUNDLE_IDENTIFIER = "com.msewa.sdk.MSS-SDK";
				PRODUCT_NAME = "$(TARGET_NAME:c99extidentifier)";
				SKIP_INSTALL = YES;
				SUPPORTS_MACCATALYST = NO;
				SWIFT_OPTIMIZATION_LEVEL = "-Onone";
				SWIFT_VERSION = 4.2;
				TARGETED_DEVICE_FAMILY = 1;
			};
			name = Debug;
		};
		A86B07C62527630F00386A84 /* Release */ = {
			isa = XCBuildConfiguration;
			baseConfigurationReference = 6FE12C6CF8965B870F596E88 /* Pods-MSS-SDK.release.xcconfig */;
			buildSettings = {
				CLANG_ENABLE_MODULES = YES;
				CODE_SIGN_STYLE = Automatic;
				DEFINES_MODULE = YES;
				DEVELOPMENT_TEAM = 6S8SPZCFXF;
				DYLIB_COMPATIBILITY_VERSION = 1;
				DYLIB_CURRENT_VERSION = 1;
				DYLIB_INSTALL_NAME_BASE = "@rpath";
				INFOPLIST_FILE = "MSS-SDK/Resources/MssInfo.plist";
				INSTALL_PATH = "$(LOCAL_LIBRARY_DIR)/Frameworks";
				LD_RUNPATH_SEARCH_PATHS = (
					"$(inherited)",
					"@executable_path/Frameworks",
					"@loader_path/Frameworks",
				);
				PRODUCT_BUNDLE_IDENTIFIER = "com.msewa.sdk.MSS-SDK";
				PRODUCT_NAME = "$(TARGET_NAME:c99extidentifier)";
				SKIP_INSTALL = YES;
				SUPPORTS_MACCATALYST = NO;
				SWIFT_VERSION = 4.2;
				TARGETED_DEVICE_FAMILY = 1;
			};
			name = Release;
		};
/* End XCBuildConfiguration section */

/* Begin XCConfigurationList section */
		A836E41F252AAC3D00223811 /* Build configuration list for PBXNativeTarget "MSSTest" */ = {
			isa = XCConfigurationList;
			buildConfigurations = (
				A836E420252AAC3D00223811 /* Debug */,
				A836E421252AAC3D00223811 /* Release */,
			);
			defaultConfigurationIsVisible = 0;
			defaultConfigurationName = Release;
		};
		A86B07B62527630F00386A84 /* Build configuration list for PBXProject "MSS-SDK" */ = {
			isa = XCConfigurationList;
			buildConfigurations = (
				A86B07C22527630F00386A84 /* Debug */,
				A86B07C32527630F00386A84 /* Release */,
			);
			defaultConfigurationIsVisible = 0;
			defaultConfigurationName = Release;
		};
		A86B07C42527630F00386A84 /* Build configuration list for PBXNativeTarget "MSS-SDK" */ = {
			isa = XCConfigurationList;
			buildConfigurations = (
				A86B07C52527630F00386A84 /* Debug */,
				A86B07C62527630F00386A84 /* Release */,
			);
			defaultConfigurationIsVisible = 0;
			defaultConfigurationName = Release;
		};
/* End XCConfigurationList section */
	};
	rootObject = A86B07B32527630F00386A84 /* Project object */;
}
